
Microsoft Visual Studio Solution File, Format Version 12.00
# Visual Studio Version 16
VisualStudioVersion = 16.0.30907.101
MinimumVisualStudioVersion = 10.0.40219.1
Project("{FAE04EC0-301F-11D3-BF4B-00C04F79EFBC}") = "Ejer63_hilos", "Ejer63_hilos\Ejer63_hilos.csproj", "{ADE0CD65-AB85-413D-951D-65DADB3E34F5}"
EndProject
Global
	GlobalSection(SolutionConfigurationPlatforms) = preSolution
		Debug|Any CPU = Debug|Any CPU
		Release|Any CPU = Release|Any CPU
	EndGlobalSection
	GlobalSection(ProjectConfigurationPlatforms) = postSolution
		{ADE0CD65-AB85-413D-951D-65DADB3E34F5}.Debug|Any CPU.ActiveCfg = Debug|Any CPU
		{ADE0CD65-AB85-413D-951D-65DADB3E34F5}.Debug|Any CPU.Build.0 = Debug|Any CPU
		{ADE0CD65-AB85-413D-951D-65DADB3E34F5}.Release|Any CPU.ActiveCfg = Release|Any CPU
		{ADE0CD65-AB85-413D-951D-65DADB3E34F5}.Release|Any CPU.Build.0 = Release|Any CPU
	EndGlobalSection
	GlobalSection(SolutionProperties) = preSolution
		HideSolutionNode = FALSE
	EndGlobalSection
	GlobalSection(ExtensibilityGlobals) = postSolution
		SolutionGuid = {5F10D147-79E4-44A6-AE7A-F8E61194C0E3}
	EndGlobalSection
EndGlobal
