
Microsoft Visual Studio Solution File, Format Version 12.00
# Visual Studio Version 17
VisualStudioVersion = 17.2.32630.192
MinimumVisualStudioVersion = 10.0.40219.1
Project("{FAE04EC0-301F-11D3-BF4B-00C04F79EFBC}") = "Entidades", "Entidades\Entidades.csproj", "{C60FEE88-A8ED-4387-8381-9F2A1B325453}"
EndProject
Global
	GlobalSection(SolutionConfigurationPlatforms) = preSolution
		Debug|Any CPU = Debug|Any CPU
		Release|Any CPU = Release|Any CPU
	EndGlobalSection
	GlobalSection(ProjectConfigurationPlatforms) = postSolution
		{C60FEE88-A8ED-4387-8381-9F2A1B325453}.Debug|Any CPU.ActiveCfg = Debug|Any CPU
		{C60FEE88-A8ED-4387-8381-9F2A1B325453}.Debug|Any CPU.Build.0 = Debug|Any CPU
		{C60FEE88-A8ED-4387-8381-9F2A1B325453}.Release|Any CPU.ActiveCfg = Release|Any CPU
		{C60FEE88-A8ED-4387-8381-9F2A1B325453}.Release|Any CPU.Build.0 = Release|Any CPU
	EndGlobalSection
	GlobalSection(SolutionProperties) = preSolution
		HideSolutionNode = FALSE
	EndGlobalSection
	GlobalSection(ExtensibilityGlobals) = postSolution
		SolutionGuid = {84D10EE1-9C93-4BAF-9971-A5BDACA63A86}
	EndGlobalSection
EndGlobal
