
Microsoft Visual Studio Solution File, Format Version 12.00
# Visual Studio Version 16
VisualStudioVersion = 16.0.30907.101
MinimumVisualStudioVersion = 10.0.40219.1
Project("{FAE04EC0-301F-11D3-BF4B-00C04F79EFBC}") = "Ejer_64_hilos", "Ejer_64_hilos\Ejer_64_hilos.csproj", "{5CA94C3C-AD2B-4E24-A7FA-A146BA40A3E9}"
EndProject
Global
	GlobalSection(SolutionConfigurationPlatforms) = preSolution
		Debug|Any CPU = Debug|Any CPU
		Release|Any CPU = Release|Any CPU
	EndGlobalSection
	GlobalSection(ProjectConfigurationPlatforms) = postSolution
		{5CA94C3C-AD2B-4E24-A7FA-A146BA40A3E9}.Debug|Any CPU.ActiveCfg = Debug|Any CPU
		{5CA94C3C-AD2B-4E24-A7FA-A146BA40A3E9}.Debug|Any CPU.Build.0 = Debug|Any CPU
		{5CA94C3C-AD2B-4E24-A7FA-A146BA40A3E9}.Release|Any CPU.ActiveCfg = Release|Any CPU
		{5CA94C3C-AD2B-4E24-A7FA-A146BA40A3E9}.Release|Any CPU.Build.0 = Release|Any CPU
	EndGlobalSection
	GlobalSection(SolutionProperties) = preSolution
		HideSolutionNode = FALSE
	EndGlobalSection
	GlobalSection(ExtensibilityGlobals) = postSolution
		SolutionGuid = {39D37C98-E65F-4149-8A83-BD7900855E4E}
	EndGlobalSection
EndGlobal
