
Microsoft Visual Studio Solution File, Format Version 12.00
# Visual Studio Version 17
VisualStudioVersion = 17.2.32630.192
MinimumVisualStudioVersion = 10.0.40219.1
Project("{9A19103F-16F7-4668-BE54-9A1E7A4F7556}") = "Ejer-20-Billetes", "Ejer-20-Billetes\Ejer-20-Billetes.csproj", "{654CDC96-FDE8-4087-8251-45217A90347B}"
EndProject
Project("{FAE04EC0-301F-11D3-BF4B-00C04F79EFBC}") = "Billetes", "Billetes\Billetes.csproj", "{939DF494-6068-4E65-9CF7-914F2F4D2375}"
EndProject
Project("{FAE04EC0-301F-11D3-BF4B-00C04F79EFBC}") = "Conversor", "Conversor\Conversor.csproj", "{2D193EEA-2068-4A56-A326-A1CEEB5148D4}"
EndProject
Global
	GlobalSection(SolutionConfigurationPlatforms) = preSolution
		Debug|Any CPU = Debug|Any CPU
		Release|Any CPU = Release|Any CPU
	EndGlobalSection
	GlobalSection(ProjectConfigurationPlatforms) = postSolution
		{654CDC96-FDE8-4087-8251-45217A90347B}.Debug|Any CPU.ActiveCfg = Debug|Any CPU
		{654CDC96-FDE8-4087-8251-45217A90347B}.Debug|Any CPU.Build.0 = Debug|Any CPU
		{654CDC96-FDE8-4087-8251-45217A90347B}.Release|Any CPU.ActiveCfg = Release|Any CPU
		{654CDC96-FDE8-4087-8251-45217A90347B}.Release|Any CPU.Build.0 = Release|Any CPU
		{939DF494-6068-4E65-9CF7-914F2F4D2375}.Debug|Any CPU.ActiveCfg = Debug|Any CPU
		{939DF494-6068-4E65-9CF7-914F2F4D2375}.Debug|Any CPU.Build.0 = Debug|Any CPU
		{939DF494-6068-4E65-9CF7-914F2F4D2375}.Release|Any CPU.ActiveCfg = Release|Any CPU
		{939DF494-6068-4E65-9CF7-914F2F4D2375}.Release|Any CPU.Build.0 = Release|Any CPU
		{2D193EEA-2068-4A56-A326-A1CEEB5148D4}.Debug|Any CPU.ActiveCfg = Debug|Any CPU
		{2D193EEA-2068-4A56-A326-A1CEEB5148D4}.Debug|Any CPU.Build.0 = Debug|Any CPU
		{2D193EEA-2068-4A56-A326-A1CEEB5148D4}.Release|Any CPU.ActiveCfg = Release|Any CPU
		{2D193EEA-2068-4A56-A326-A1CEEB5148D4}.Release|Any CPU.Build.0 = Release|Any CPU
	EndGlobalSection
	GlobalSection(SolutionProperties) = preSolution
		HideSolutionNode = FALSE
	EndGlobalSection
	GlobalSection(ExtensibilityGlobals) = postSolution
		SolutionGuid = {B7B79699-FD95-46E9-96C3-6008277F7307}
	EndGlobalSection
EndGlobal
