
Microsoft Visual Studio Solution File, Format Version 12.00
# Visual Studio Version 17
VisualStudioVersion = 17.2.32630.192
MinimumVisualStudioVersion = 10.0.40219.1
Project("{FAE04EC0-301F-11D3-BF4B-00C04F79EFBC}") = "Ejer-14", "Ejer-14\Ejer-14.csproj", "{1602D082-CDCF-4904-8232-12A78D6C8062}"
EndProject
Global
	GlobalSection(SolutionConfigurationPlatforms) = preSolution
		Debug|Any CPU = Debug|Any CPU
		Release|Any CPU = Release|Any CPU
	EndGlobalSection
	GlobalSection(ProjectConfigurationPlatforms) = postSolution
		{1602D082-CDCF-4904-8232-12A78D6C8062}.Debug|Any CPU.ActiveCfg = Debug|Any CPU
		{1602D082-CDCF-4904-8232-12A78D6C8062}.Debug|Any CPU.Build.0 = Debug|Any CPU
		{1602D082-CDCF-4904-8232-12A78D6C8062}.Release|Any CPU.ActiveCfg = Release|Any CPU
		{1602D082-CDCF-4904-8232-12A78D6C8062}.Release|Any CPU.Build.0 = Release|Any CPU
	EndGlobalSection
	GlobalSection(SolutionProperties) = preSolution
		HideSolutionNode = FALSE
	EndGlobalSection
	GlobalSection(ExtensibilityGlobals) = postSolution
		SolutionGuid = {FC9D3747-1EA9-4367-A60E-37322F473701}
	EndGlobalSection
EndGlobal
