
Microsoft Visual Studio Solution File, Format Version 12.00
# Visual Studio Version 16
VisualStudioVersion = 16.0.30907.101
MinimumVisualStudioVersion = 10.0.40219.1
Project("{FAE04EC0-301F-11D3-BF4B-00C04F79EFBC}") = "main", "Ejer01\main.csproj", "{AC795D96-C791-4E62-9E56-2D4D1448BE2C}"
EndProject
Global
	GlobalSection(SolutionConfigurationPlatforms) = preSolution
		Debug|Any CPU = Debug|Any CPU
		Release|Any CPU = Release|Any CPU
	EndGlobalSection
	GlobalSection(ProjectConfigurationPlatforms) = postSolution
		{AC795D96-C791-4E62-9E56-2D4D1448BE2C}.Debug|Any CPU.ActiveCfg = Debug|Any CPU
		{AC795D96-C791-4E62-9E56-2D4D1448BE2C}.Debug|Any CPU.Build.0 = Debug|Any CPU
		{AC795D96-C791-4E62-9E56-2D4D1448BE2C}.Release|Any CPU.ActiveCfg = Release|Any CPU
		{AC795D96-C791-4E62-9E56-2D4D1448BE2C}.Release|Any CPU.Build.0 = Release|Any CPU
	EndGlobalSection
	GlobalSection(SolutionProperties) = preSolution
		HideSolutionNode = FALSE
	EndGlobalSection
	GlobalSection(ExtensibilityGlobals) = postSolution
		SolutionGuid = {63FA735A-E17D-47B5-9934-14747D2DE950}
	EndGlobalSection
EndGlobal
