
Microsoft Visual Studio Solution File, Format Version 12.00
# Visual Studio Version 17
VisualStudioVersion = 17.2.32630.192
MinimumVisualStudioVersion = 10.0.40219.1
Project("{FAE04EC0-301F-11D3-BF4B-00C04F79EFBC}") = "Ejer-16", "Ejer-16\Ejer-16.csproj", "{F5E971FC-A6F2-4D7E-8BD5-110A362A1B79}"
EndProject
Global
	GlobalSection(SolutionConfigurationPlatforms) = preSolution
		Debug|Any CPU = Debug|Any CPU
		Release|Any CPU = Release|Any CPU
	EndGlobalSection
	GlobalSection(ProjectConfigurationPlatforms) = postSolution
		{F5E971FC-A6F2-4D7E-8BD5-110A362A1B79}.Debug|Any CPU.ActiveCfg = Debug|Any CPU
		{F5E971FC-A6F2-4D7E-8BD5-110A362A1B79}.Debug|Any CPU.Build.0 = Debug|Any CPU
		{F5E971FC-A6F2-4D7E-8BD5-110A362A1B79}.Release|Any CPU.ActiveCfg = Release|Any CPU
		{F5E971FC-A6F2-4D7E-8BD5-110A362A1B79}.Release|Any CPU.Build.0 = Release|Any CPU
	EndGlobalSection
	GlobalSection(SolutionProperties) = preSolution
		HideSolutionNode = FALSE
	EndGlobalSection
	GlobalSection(ExtensibilityGlobals) = postSolution
		SolutionGuid = {5C7B8AFF-ACD8-4F9E-B568-43E09E36C3D8}
	EndGlobalSection
EndGlobal
